// !$*UTF8*$!
{
	archiveVersion = 1;
	classes = {
	};
	objectVersion = 46;
	objects = {

/* Begin PBXBuildFile section */
		007392841EF10E7E004BAA12 /* ViewController.swift in Sources */ = {isa = PBXBuildFile; fileRef = 007392831EF10E7E004BAA12 /* ViewController.swift */; };
		0073928A1EF15A7B004BAA12 /* accept.png in Resources */ = {isa = PBXBuildFile; fileRef = 007392871EF15A7B004BAA12 /* accept.png */; };
		0073928B1EF15A7B004BAA12 /* cancel.png in Resources */ = {isa = PBXBuildFile; fileRef = 007392881EF15A7B004BAA12 /* cancel.png */; };
		0073928C1EF15A7B004BAA12 /* rotate.png in Resources */ = {isa = PBXBuildFile; fileRef = 007392891EF15A7B004BAA12 /* rotate.png */; };
		00E4CE571EEBA62C00F6153D /* AppDelegate.swift in Sources */ = {isa = PBXBuildFile; fileRef = 00E4CE561EEBA62C00F6153D /* AppDelegate.swift */; };
		00E4CE591EEBA62C00F6153D /* LyEditImageView.swift in Sources */ = {isa = PBXBuildFile; fileRef = 00E4CE581EEBA62C00F6153D /* LyEditImageView.swift */; };
		00E4CE5C1EEBA62C00F6153D /* Main.storyboard in Resources */ = {isa = PBXBuildFile; fileRef = 00E4CE5A1EEBA62C00F6153D /* Main.storyboard */; };
		00E4CE5E1EEBA62C00F6153D /* Assets.xcassets in Resources */ = {isa = PBXBuildFile; fileRef = 00E4CE5D1EEBA62C00F6153D /* Assets.xcassets */; };
		00E4CE611EEBA62C00F6153D /* LaunchScreen.storyboard in Resources */ = {isa = PBXBuildFile; fileRef = 00E4CE5F1EEBA62C00F6153D /* LaunchScreen.storyboard */; };
		00E4CE691EEBB40E00F6153D /* IMG_2796.JPG in Resources */ = {isa = PBXBuildFile; fileRef = 00E4CE681EEBB40E00F6153D /* IMG_2796.JPG */; };
/* End PBXBuildFile section */

/* Begin PBXFileReference section */
		007392831EF10E7E004BAA12 /* ViewController.swift */ = {isa = PBXFileReference; fileEncoding = 4; lastKnownFileType = sourcecode.swift; path = ViewController.swift; sourceTree = "<group>"; };
		007392871EF15A7B004BAA12 /* accept.png */ = {isa = PBXFileReference; lastKnownFileType = image.png; path = accept.png; sourceTree = "<group>"; };
		007392881EF15A7B004BAA12 /* cancel.png */ = {isa = PBXFileReference; lastKnownFileType = image.png; path = cancel.png; sourceTree = "<group>"; };
		007392891EF15A7B004BAA12 /* rotate.png */ = {isa = PBXFileReference; lastKnownFileType = image.png; path = rotate.png; sourceTree = "<group>"; };
		00E4CE531EEBA62C00F6153D /* LyEditImageView.app */ = {isa = PBXFileReference; explicitFileType = wrapper.application; includeInIndex = 0; path = LyEditImageView.app; sourceTree = BUILT_PRODUCTS_DIR; };
		00E4CE561EEBA62C00F6153D /* AppDelegate.swift */ = {isa = PBXFileReference; lastKnownFileType = sourcecode.swift; path = AppDelegate.swift; sourceTree = "<group>"; };
		00E4CE581EEBA62C00F6153D /* LyEditImageView.swift */ = {isa = PBXFileReference; lastKnownFileType = sourcecode.swift; path = LyEditImageView.swift; sourceTree = "<group>"; };
		00E4CE5B1EEBA62C00F6153D /* Base */ = {isa = PBXFileReference; lastKnownFileType = file.storyboard; name = Base; path = Base.lproj/Main.storyboard; sourceTree = "<group>"; };
		00E4CE5D1EEBA62C00F6153D /* Assets.xcassets */ = {isa = PBXFileReference; lastKnownFileType = folder.assetcatalog; path = Assets.xcassets; sourceTree = "<group>"; };
		00E4CE601EEBA62C00F6153D /* Base */ = {isa = PBXFileReference; lastKnownFileType = file.storyboard; name = Base; path = Base.lproj/LaunchScreen.storyboard; sourceTree = "<group>"; };
		00E4CE621EEBA62C00F6153D /* Info.plist */ = {isa = PBXFileReference; lastKnownFileType = text.plist.xml; path = Info.plist; sourceTree = "<group>"; };
		00E4CE681EEBB40E00F6153D /* IMG_2796.JPG */ = {isa = PBXFileReference; lastKnownFileType = image.jpeg; path = IMG_2796.JPG; sourceTree = "<group>"; };
/* End PBXFileReference section */

/* Begin PBXFrameworksBuildPhase section */
		00E4CE501EEBA62C00F6153D /* Frameworks */ = {
			isa = PBXFrameworksBuildPhase;
			buildActionMask = 2147483647;
			files = (
			);
			runOnlyForDeploymentPostprocessing = 0;
		};
/* End PBXFrameworksBuildPhase section */

/* Begin PBXGroup section */
		00E4CE4A1EEBA62C00F6153D = {
			isa = PBXGroup;
			children = (
				00E4CE551EEBA62C00F6153D /* LyEditImageView */,
				00E4CE541EEBA62C00F6153D /* Products */,
			);
			sourceTree = "<group>";
		};
		00E4CE541EEBA62C00F6153D /* Products */ = {
			isa = PBXGroup;
			children = (
				00E4CE531EEBA62C00F6153D /* LyEditImageView.app */,
			);
			name = Products;
			sourceTree = "<group>";
		};
		00E4CE551EEBA62C00F6153D /* LyEditImageView */ = {
			isa = PBXGroup;
			children = (
				00E4CE561EEBA62C00F6153D /* AppDelegate.swift */,
				00E4CE581EEBA62C00F6153D /* LyEditImageView.swift */,
				007392831EF10E7E004BAA12 /* ViewController.swift */,
				00E4CE5A1EEBA62C00F6153D /* Main.storyboard */,
				00E4CE5D1EEBA62C00F6153D /* Assets.xcassets */,
				00E4CE5F1EEBA62C00F6153D /* LaunchScreen.storyboard */,
				00E4CE621EEBA62C00F6153D /* Info.plist */,
				00E4CE681EEBB40E00F6153D /* IMG_2796.JPG */,
				007392871EF15A7B004BAA12 /* accept.png */,
				007392881EF15A7B004BAA12 /* cancel.png */,
				007392891EF15A7B004BAA12 /* rotate.png */,
			);
			path = LyEditImageView;
			sourceTree = "<group>";
		};
/* End PBXGroup section */

/* Begin PBXNativeTarget section */
		00E4CE521EEBA62C00F6153D /* LyEditImageView */ = {
			isa = PBXNativeTarget;
			buildConfigurationList = 00E4CE651EEBA62C00F6153D /* Build configuration list for PBXNativeTarget "LyEditImageView" */;
			buildPhases = (
				00E4CE4F1EEBA62C00F6153D /* Sources */,
				00E4CE501EEBA62C00F6153D /* Frameworks */,
				00E4CE511EEBA62C00F6153D /* Resources */,
			);
			buildRules = (
			);
			dependencies = (
			);
			name = LyEditImageView;
			productName = LyEditImageView;
			productReference = 00E4CE531EEBA62C00F6153D /* LyEditImageView.app */;
			productType = "com.apple.product-type.application";
		};
/* End PBXNativeTarget section */

/* Begin PBXProject section */
		00E4CE4B1EEBA62C00F6153D /* Project object */ = {
			isa = PBXProject;
			attributes = {
				LastSwiftUpdateCheck = 0830;
				LastUpgradeCheck = 0830;
				ORGANIZATIONNAME = "Li,Yan(MMS)";
				TargetAttributes = {
					00E4CE521EEBA62C00F6153D = {
						CreatedOnToolsVersion = 8.3.2;
						DevelopmentTeam = 84A6Z2YQ4T;
						ProvisioningStyle = Automatic;
					};
				};
			};
			buildConfigurationList = 00E4CE4E1EEBA62C00F6153D /* Build configuration list for PBXProject "LyEditImageView" */;
			compatibilityVersion = "Xcode 3.2";
			developmentRegion = English;
			hasScannedForEncodings = 0;
			knownRegions = (
				en,
				Base,
			);
			mainGroup = 00E4CE4A1EEBA62C00F6153D;
			productRefGroup = 00E4CE541EEBA62C00F6153D /* Products */;
			projectDirPath = "";
			projectRoot = "";
			targets = (
				00E4CE521EEBA62C00F6153D /* LyEditImageView */,
			);
		};
/* End PBXProject section */

/* Begin PBXResourcesBuildPhase section */
		00E4CE511EEBA62C00F6153D /* Resources */ = {
			isa = PBXResourcesBuildPhase;
			buildActionMask = 2147483647;
			files = (
				0073928C1EF15A7B004BAA12 /* rotate.png in Resources */,
				00E4CE611EEBA62C00F6153D /* LaunchScreen.storyboard in Resources */,
				00E4CE5E1EEBA62C00F6153D /* Assets.xcassets in Resources */,
				0073928A1EF15A7B004BAA12 /* accept.png in Resources */,
				0073928B1EF15A7B004BAA12 /* cancel.png in Resources */,
				00E4CE5C1EEBA62C00F6153D /* Main.storyboard in Resources */,
				00E4CE691EEBB40E00F6153D /* IMG_2796.JPG in Resources */,
			);
			runOnlyForDeploymentPostprocessing = 0;
		};
/* End PBXResourcesBuildPhase section */

/* Begin PBXSourcesBuildPhase section */
		00E4CE4F1EEBA62C00F6153D /* Sources */ = {
			isa = PBXSourcesBuildPhase;
			buildActionMask = 2147483647;
			files = (
				007392841EF10E7E004BAA12 /* ViewController.swift in Sources */,
				00E4CE591EEBA62C00F6153D /* LyEditImageView.swift in Sources */,
				00E4CE571EEBA62C00F6153D /* AppDelegate.swift in Sources */,
			);
			runOnlyForDeploymentPostprocessing = 0;
		};
/* End PBXSourcesBuildPhase section */

/* Begin PBXVariantGroup section */
		00E4CE5A1EEBA62C00F6153D /* Main.storyboard */ = {
			isa = PBXVariantGroup;
			children = (
				00E4CE5B1EEBA62C00F6153D /* Base */,
			);
			name = Main.storyboard;
			sourceTree = "<group>";
		};
		00E4CE5F1EEBA62C00F6153D /* LaunchScreen.storyboard */ = {
			isa = PBXVariantGroup;
			children = (
				00E4CE601EEBA62C00F6153D /* Base */,
			);
			name = LaunchScreen.storyboard;
			sourceTree = "<group>";
		};
/* End PBXVariantGroup section */

/* Begin XCBuildConfiguration section */
		00E4CE631EEBA62C00F6153D /* Debug */ = {
			isa = XCBuildConfiguration;
			buildSettings = {
				ALWAYS_SEARCH_USER_PATHS = NO;
				CLANG_ANALYZER_NONNULL = YES;
				CLANG_ANALYZER_NUMBER_OBJECT_CONVERSION = YES_AGGRESSIVE;
				CLANG_CXX_LANGUAGE_STANDARD = "gnu++0x";
				CLANG_CXX_LIBRARY = "libc++";
				CLANG_ENABLE_MODULES = YES;
				CLANG_ENABLE_OBJC_ARC = YES;
				CLANG_WARN_BOOL_CONVERSION = YES;
				CLANG_WARN_CONSTANT_CONVERSION = YES;
				CLANG_WARN_DIRECT_OBJC_ISA_USAGE = YES_ERROR;
				CLANG_WARN_DOCUMENTATION_COMMENTS = YES;
				CLANG_WARN_EMPTY_BODY = YES;
				CLANG_WARN_ENUM_CONVERSION = YES;
				CLANG_WARN_INFINITE_RECURSION = YES;
				CLANG_WARN_INT_CONVERSION = YES;
				CLANG_WARN_OBJC_ROOT_CLASS = YES_ERROR;
				CLANG_WARN_SUSPICIOUS_MOVE = YES;
				CLANG_WARN_UNREACHABLE_CODE = YES;
				CLANG_WARN__DUPLICATE_METHOD_MATCH = YES;
				"CODE_SIGN_IDENTITY[sdk=iphoneos*]" = "iPhone Developer";
				COPY_PHASE_STRIP = NO;
				DEBUG_INFORMATION_FORMAT = dwarf;
				ENABLE_STRICT_OBJC_MSGSEND = YES;
				ENABLE_TESTABILITY = YES;
				GCC_C_LANGUAGE_STANDARD = gnu99;
				GCC_DYNAMIC_NO_PIC = NO;
				GCC_NO_COMMON_BLOCKS = YES;
				GCC_OPTIMIZATION_LEVEL = 0;
				GCC_PREPROCESSOR_DEFINITIONS = (
					"DEBUG=1",
					"$(inherited)",
				);
				GCC_WARN_64_TO_32_BIT_CONVERSION = YES;
				GCC_WARN_ABOUT_RETURN_TYPE = YES_ERROR;
				GCC_WARN_UNDECLARED_SELECTOR = YES;
				GCC_WARN_UNINITIALIZED_AUTOS = YES_AGGRESSIVE;
				GCC_WARN_UNUSED_FUNCTION = YES;
				GCC_WARN_UNUSED_VARIABLE = YES;
				IPHONEOS_DEPLOYMENT_TARGET = 10.3;
				MTL_ENABLE_DEBUG_INFO = YES;
				ONLY_ACTIVE_ARCH = YES;
				SDKROOT = iphoneos;
				SWIFT_ACTIVE_COMPILATION_CONDITIONS = DEBUG;
				SWIFT_OPTIMIZATION_LEVEL = "-Onone";
				TARGETED_DEVICE_FAMILY = "1,2";
			};
			name = Debug;
		};
		00E4CE641EEBA62C00F6153D /* Release */ = {
			isa = XCBuildConfiguration;
			buildSettings = {
				ALWAYS_SEARCH_USER_PATHS = NO;
				CLANG_ANALYZER_NONNULL = YES;
				CLANG_ANALYZER_NUMBER_OBJECT_CONVERSION = YES_AGGRESSIVE;
				CLANG_CXX_LANGUAGE_STANDARD = "gnu++0x";
				CLANG_CXX_LIBRARY = "libc++";
				CLANG_ENABLE_MODULES = YES;
				CLANG_ENABLE_OBJC_ARC = YES;
				CLANG_WARN_BOOL_CONVERSION = YES;
				CLANG_WARN_CONSTANT_CONVERSION = YES;
				CLANG_WARN_DIRECT_OBJC_ISA_USAGE = YES_ERROR;
				CLANG_WARN_DOCUMENTATION_COMMENTS = YES;
				CLANG_WARN_EMPTY_BODY = YES;
				CLANG_WARN_ENUM_CONVERSION = YES;
				CLANG_WARN_INFINITE_RECURSION = YES;
				CLANG_WARN_INT_CONVERSION = YES;
				CLANG_WARN_OBJC_ROOT_CLASS = YES_ERROR;
				CLANG_WARN_SUSPICIOUS_MOVE = YES;
				CLANG_WARN_UNREACHABLE_CODE = YES;
				CLANG_WARN__DUPLICATE_METHOD_MATCH = YES;
				"CODE_SIGN_IDENTITY[sdk=iphoneos*]" = "iPhone Developer";
				COPY_PHASE_STRIP = NO;
				DEBUG_INFORMATION_FORMAT = "dwarf-with-dsym";
				ENABLE_NS_ASSERTIONS = NO;
				ENABLE_STRICT_OBJC_MSGSEND = YES;
				GCC_C_LANGUAGE_STANDARD = gnu99;
				GCC_NO_COMMON_BLOCKS = YES;
				GCC_WARN_64_TO_32_BIT_CONVERSION = YES;
				GCC_WARN_ABOUT_RETURN_TYPE = YES_ERROR;
				GCC_WARN_UNDECLARED_SELECTOR = YES;
				GCC_WARN_UNINITIALIZED_AUTOS = YES_AGGRESSIVE;
				GCC_WARN_UNUSED_FUNCTION = YES;
				GCC_WARN_UNUSED_VARIABLE = YES;
				IPHONEOS_DEPLOYMENT_TARGET = 10.3;
				MTL_ENABLE_DEBUG_INFO = NO;
				SDKROOT = iphoneos;
				SWIFT_OPTIMIZATION_LEVEL = "-Owholemodule";
				TARGETED_DEVICE_FAMILY = "1,2";
				VALIDATE_PRODUCT = YES;
			};
			name = Release;
		};
		00E4CE661EEBA62C00F6153D /* Debug */ = {
			isa = XCBuildConfiguration;
			buildSettings = {
				ASSETCATALOG_COMPILER_APPICON_NAME = AppIcon;
				DEVELOPMENT_TEAM = 84A6Z2YQ4T;
				INFOPLIST_FILE = LyEditImageView/Info.plist;
				IPHONEOS_DEPLOYMENT_TARGET = 8.0;
				LD_RUNPATH_SEARCH_PATHS = "$(inherited) @executable_path/Frameworks";
				PRODUCT_BUNDLE_IDENTIFIER = example.LyEditImageView;
				PRODUCT_NAME = "$(TARGET_NAME)";
				SWIFT_VERSION = 3.0;
			};
			name = Debug;
		};
		00E4CE671EEBA62C00F6153D /* Release */ = {
			isa = XCBuildConfiguration;
			buildSettings = {
				ASSETCATALOG_COMPILER_APPICON_NAME = AppIcon;
				DEVELOPMENT_TEAM = 84A6Z2YQ4T;
				INFOPLIST_FILE = LyEditImageView/Info.plist;
				IPHONEOS_DEPLOYMENT_TARGET = 8.0;
				LD_RUNPATH_SEARCH_PATHS = "$(inherited) @executable_path/Frameworks";
				PRODUCT_BUNDLE_IDENTIFIER = example.LyEditImageView;
				PRODUCT_NAME = "$(TARGET_NAME)";
				SWIFT_VERSION = 3.0;
			};
			name = Release;
		};
/* End XCBuildConfiguration section */

/* Begin XCConfigurationList section */
		00E4CE4E1EEBA62C00F6153D /* Build configuration list for PBXProject "LyEditImageView" */ = {
			isa = XCConfigurationList;
			buildConfigurations = (
				00E4CE631EEBA62C00F6153D /* Debug */,
				00E4CE641EEBA62C00F6153D /* Release */,
			);
			defaultConfigurationIsVisible = 0;
			defaultConfigurationName = Release;
		};
		00E4CE651EEBA62C00F6153D /* Build configuration list for PBXNativeTarget "LyEditImageView" */ = {
			isa = XCConfigurationList;
			buildConfigurations = (
				00E4CE661EEBA62C00F6153D /* Debug */,
				00E4CE671EEBA62C00F6153D /* Release */,
			);
			defaultConfigurationIsVisible = 0;
			defaultConfigurationName = Release;
		};
/* End XCConfigurationList section */
	};
	rootObject = 00E4CE4B1EEBA62C00F6153D /* Project object */;
}
